// !$*UTF8*$!
{
	archiveVersion = 1;
	classes = {
	};
	objectVersion = 51;
	objects = {

/* Begin PBXBuildFile section */
		3358320F22495813001FFC0A /* AppDelegate.swift in Sources */ = {isa = PBXBuildFile; fileRef = 3358320E22495813001FFC0A /* AppDelegate.swift */; };
		3358321122495813001FFC0A /* ViewController.swift in Sources */ = {isa = PBXBuildFile; fileRef = 3358321022495813001FFC0A /* ViewController.swift */; };
		3358321322495814001FFC0A /* Assets.xcassets in Resources */ = {isa = PBXBuildFile; fileRef = 3358321222495814001FFC0A /* Assets.xcassets */; };
		3358321622495814001FFC0A /* Main.storyboard in Resources */ = {isa = PBXBuildFile; fileRef = 3358321422495814001FFC0A /* Main.storyboard */; };
		33B76DFF224B8DA70010E35E /* SqlitedbHandler.swift in Sources */ = {isa = PBXBuildFile; fileRef = 33B76DFE224B8DA70010E35E /* SqlitedbHandler.swift */; };
		33B76E11224BA66C0010E35E /* FilePatchTemplates.swift in Sources */ = {isa = PBXBuildFile; fileRef = 33B76E10224BA66C0010E35E /* FilePatchTemplates.swift */; };
		33B76E13224BC6830010E35E /* Disk handler.swift in Sources */ = {isa = PBXBuildFile; fileRef = 33B76E12224BC6830010E35E /* Disk handler.swift */; };
		33B76E15224BC7950010E35E /* SqliteHandler.swift in Sources */ = {isa = PBXBuildFile; fileRef = 33B76E14224BC7950010E35E /* SqliteHandler.swift */; };
		33B76E17224BC99F0010E35E /* WebPageTemplates.swift in Sources */ = {isa = PBXBuildFile; fileRef = 33B76E16224BC99F0010E35E /* WebPageTemplates.swift */; };
		33B76E19224BD47A0010E35E /* MapsServerDataDB.swift in Sources */ = {isa = PBXBuildFile; fileRef = 33B76E18224BD47A0010E35E /* MapsServerDataDB.swift */; };
		33B76E1D224BD62A0010E35E /* MapsClientDataDB.swift in Sources */ = {isa = PBXBuildFile; fileRef = 33B76E1C224BD62A0010E35E /* MapsClientDataDB.swift */; };
		33B76E1F224BD9060010E35E /* MapsServerData.swift in Sources */ = {isa = PBXBuildFile; fileRef = 33B76E1E224BD9060010E35E /* MapsServerData.swift */; };
		33B76E21224BD9B40010E35E /* MapsClientData.swift in Sources */ = {isa = PBXBuildFile; fileRef = 33B76E20224BD9B40010E35E /* MapsClientData.swift */; };
		33B76E23224BE4D70010E35E /* LocusInstallersTemplates.swift in Sources */ = {isa = PBXBuildFile; fileRef = 33B76E22224BE4D70010E35E /* LocusInstallersTemplates.swift */; };
		33B76E25224BE4ED0010E35E /* GuruTemplates.swift in Sources */ = {isa = PBXBuildFile; fileRef = 33B76E24224BE4ED0010E35E /* GuruTemplates.swift */; };
		33B76E27224BE5000010E35E /* OruxTemplates.swift in Sources */ = {isa = PBXBuildFile; fileRef = 33B76E26224BE5000010E35E /* OruxTemplates.swift */; };
		33B76E29224BE5D40010E35E /* ClientAppList.swift in Sources */ = {isa = PBXBuildFile; fileRef = 33B76E28224BE5D40010E35E /* ClientAppList.swift */; };
		33B76E2D224BF3CC0010E35E /* Controller.swift in Sources */ = {isa = PBXBuildFile; fileRef = 33B76E2C224BF3CC0010E35E /* Controller.swift */; };
		33B76E2F224D49710010E35E /* GuruMapsGenerator.swift in Sources */ = {isa = PBXBuildFile; fileRef = 33B76E2E224D49710010E35E /* GuruMapsGenerator.swift */; };
		33B76E31224D61A90010E35E /* OruxMapsGenerator.swift in Sources */ = {isa = PBXBuildFile; fileRef = 33B76E30224D61A90010E35E /* OruxMapsGenerator.swift */; };
		33B76E33224E258E0010E35E /* LocusInstellersGenerator.swift in Sources */ = {isa = PBXBuildFile; fileRef = 33B76E32224E258E0010E35E /* LocusInstellersGenerator.swift */; };
		33B76E35224E2CEB0010E35E /* LocusMapsGenerator.swift in Sources */ = {isa = PBXBuildFile; fileRef = 33B76E34224E2CEB0010E35E /* LocusMapsGenerator.swift */; };
		33B76E37224E342E0010E35E /* LocusMapsTemplates.swift in Sources */ = {isa = PBXBuildFile; fileRef = 33B76E36224E342E0010E35E /* LocusMapsTemplates.swift */; };
		33B76E39224E35200010E35E /* DecsriptionTemplate.swift in Sources */ = {isa = PBXBuildFile; fileRef = 33B76E38224E35200010E35E /* DecsriptionTemplate.swift */; };
		33B76E3B224E399B0010E35E /* MarkdownPagesGenerator.swift in Sources */ = {isa = PBXBuildFile; fileRef = 33B76E3A224E399B0010E35E /* MarkdownPagesGenerator.swift */; };
		7776365E378A65D45F3E7D03 /* Pods_AnyGIS_filegenerator.framework in Frameworks */ = {isa = PBXBuildFile; fileRef = 72609055F57AA39DEAE56B18 /* Pods_AnyGIS_filegenerator.framework */; };
/* End PBXBuildFile section */

/* Begin PBXFileReference section */
		3358320B22495813001FFC0A /* AnyGIS_filegenerator.app */ = {isa = PBXFileReference; explicitFileType = wrapper.application; includeInIndex = 0; path = AnyGIS_filegenerator.app; sourceTree = BUILT_PRODUCTS_DIR; };
		3358320E22495813001FFC0A /* AppDelegate.swift */ = {isa = PBXFileReference; lastKnownFileType = sourcecode.swift; path = AppDelegate.swift; sourceTree = "<group>"; };
		3358321022495813001FFC0A /* ViewController.swift */ = {isa = PBXFileReference; lastKnownFileType = sourcecode.swift; path = ViewController.swift; sourceTree = "<group>"; };
		3358321222495814001FFC0A /* Assets.xcassets */ = {isa = PBXFileReference; lastKnownFileType = folder.assetcatalog; path = Assets.xcassets; sourceTree = "<group>"; };
		3358321522495814001FFC0A /* Base */ = {isa = PBXFileReference; lastKnownFileType = file.storyboard; name = Base; path = Base.lproj/Main.storyboard; sourceTree = "<group>"; };
		3358321722495814001FFC0A /* Info.plist */ = {isa = PBXFileReference; lastKnownFileType = text.plist.xml; path = Info.plist; sourceTree = "<group>"; };
		3358321822495814001FFC0A /* AnyGIS_filegenerator.entitlements */ = {isa = PBXFileReference; lastKnownFileType = text.plist.entitlements; path = AnyGIS_filegenerator.entitlements; sourceTree = "<group>"; };
		33B76DFE224B8DA70010E35E /* SqlitedbHandler.swift */ = {isa = PBXFileReference; lastKnownFileType = sourcecode.swift; path = SqlitedbHandler.swift; sourceTree = "<group>"; };
		33B76E10224BA66C0010E35E /* FilePatchTemplates.swift */ = {isa = PBXFileReference; lastKnownFileType = sourcecode.swift; path = FilePatchTemplates.swift; sourceTree = "<group>"; };
		33B76E12224BC6830010E35E /* Disk handler.swift */ = {isa = PBXFileReference; lastKnownFileType = sourcecode.swift; path = "Disk handler.swift"; sourceTree = "<group>"; };
		33B76E14224BC7950010E35E /* SqliteHandler.swift */ = {isa = PBXFileReference; lastKnownFileType = sourcecode.swift; path = SqliteHandler.swift; sourceTree = "<group>"; };
		33B76E16224BC99F0010E35E /* WebPageTemplates.swift */ = {isa = PBXFileReference; lastKnownFileType = sourcecode.swift; path = WebPageTemplates.swift; sourceTree = "<group>"; };
		33B76E18224BD47A0010E35E /* MapsServerDataDB.swift */ = {isa = PBXFileReference; lastKnownFileType = sourcecode.swift; path = MapsServerDataDB.swift; sourceTree = "<group>"; };
		33B76E1C224BD62A0010E35E /* MapsClientDataDB.swift */ = {isa = PBXFileReference; lastKnownFileType = sourcecode.swift; path = MapsClientDataDB.swift; sourceTree = "<group>"; };
		33B76E1E224BD9060010E35E /* MapsServerData.swift */ = {isa = PBXFileReference; lastKnownFileType = sourcecode.swift; path = MapsServerData.swift; sourceTree = "<group>"; };
		33B76E20224BD9B40010E35E /* MapsClientData.swift */ = {isa = PBXFileReference; lastKnownFileType = sourcecode.swift; path = MapsClientData.swift; sourceTree = "<group>"; };
		33B76E22224BE4D70010E35E /* LocusInstallersTemplates.swift */ = {isa = PBXFileReference; lastKnownFileType = sourcecode.swift; path = LocusInstallersTemplates.swift; sourceTree = "<group>"; };
		33B76E24224BE4ED0010E35E /* GuruTemplates.swift */ = {isa = PBXFileReference; lastKnownFileType = sourcecode.swift; path = GuruTemplates.swift; sourceTree = "<group>"; };
		33B76E26224BE5000010E35E /* OruxTemplates.swift */ = {isa = PBXFileReference; lastKnownFileType = sourcecode.swift; path = OruxTemplates.swift; sourceTree = "<group>"; };
		33B76E28224BE5D40010E35E /* ClientAppList.swift */ = {isa = PBXFileReference; lastKnownFileType = sourcecode.swift; path = ClientAppList.swift; sourceTree = "<group>"; };
		33B76E2C224BF3CC0010E35E /* Controller.swift */ = {isa = PBXFileReference; lastKnownFileType = sourcecode.swift; path = Controller.swift; sourceTree = "<group>"; };
		33B76E2E224D49710010E35E /* GuruMapsGenerator.swift */ = {isa = PBXFileReference; lastKnownFileType = sourcecode.swift; path = GuruMapsGenerator.swift; sourceTree = "<group>"; };
		33B76E30224D61A90010E35E /* OruxMapsGenerator.swift */ = {isa = PBXFileReference; lastKnownFileType = sourcecode.swift; path = OruxMapsGenerator.swift; sourceTree = "<group>"; };
		33B76E32224E258E0010E35E /* LocusInstellersGenerator.swift */ = {isa = PBXFileReference; lastKnownFileType = sourcecode.swift; path = LocusInstellersGenerator.swift; sourceTree = "<group>"; };
		33B76E34224E2CEB0010E35E /* LocusMapsGenerator.swift */ = {isa = PBXFileReference; lastKnownFileType = sourcecode.swift; path = LocusMapsGenerator.swift; sourceTree = "<group>"; };
		33B76E36224E342E0010E35E /* LocusMapsTemplates.swift */ = {isa = PBXFileReference; lastKnownFileType = sourcecode.swift; path = LocusMapsTemplates.swift; sourceTree = "<group>"; };
		33B76E38224E35200010E35E /* DecsriptionTemplate.swift */ = {isa = PBXFileReference; lastKnownFileType = sourcecode.swift; path = DecsriptionTemplate.swift; sourceTree = "<group>"; };
		33B76E3A224E399B0010E35E /* MarkdownPagesGenerator.swift */ = {isa = PBXFileReference; lastKnownFileType = sourcecode.swift; path = MarkdownPagesGenerator.swift; sourceTree = "<group>"; };
		72609055F57AA39DEAE56B18 /* Pods_AnyGIS_filegenerator.framework */ = {isa = PBXFileReference; explicitFileType = wrapper.framework; includeInIndex = 0; path = Pods_AnyGIS_filegenerator.framework; sourceTree = BUILT_PRODUCTS_DIR; };
		76540C1F1A9B64DFC65558DD /* Pods-AnyGIS_filegenerator.release.xcconfig */ = {isa = PBXFileReference; includeInIndex = 1; lastKnownFileType = text.xcconfig; name = "Pods-AnyGIS_filegenerator.release.xcconfig"; path = "Pods/Target Support Files/Pods-AnyGIS_filegenerator/Pods-AnyGIS_filegenerator.release.xcconfig"; sourceTree = "<group>"; };
		8BDBCAB25AFE578C55D5EBF4 /* Pods-AnyGIS_filegenerator.debug.xcconfig */ = {isa = PBXFileReference; includeInIndex = 1; lastKnownFileType = text.xcconfig; name = "Pods-AnyGIS_filegenerator.debug.xcconfig"; path = "Pods/Target Support Files/Pods-AnyGIS_filegenerator/Pods-AnyGIS_filegenerator.debug.xcconfig"; sourceTree = "<group>"; };
/* End PBXFileReference section */

/* Begin PBXFrameworksBuildPhase section */
		3358320822495813001FFC0A /* Frameworks */ = {
			isa = PBXFrameworksBuildPhase;
			buildActionMask = 2147483647;
			files = (
				7776365E378A65D45F3E7D03 /* Pods_AnyGIS_filegenerator.framework in Frameworks */,
			);
			runOnlyForDeploymentPostprocessing = 0;
		};
/* End PBXFrameworksBuildPhase section */

/* Begin PBXGroup section */
		28225A9E9C9330080918346D /* Frameworks */ = {
			isa = PBXGroup;
			children = (
				72609055F57AA39DEAE56B18 /* Pods_AnyGIS_filegenerator.framework */,
			);
			name = Frameworks;
			sourceTree = "<group>";
		};
		3358320222495813001FFC0A = {
			isa = PBXGroup;
			children = (
				3358320D22495813001FFC0A /* AnyGIS_filegenerator */,
				3358320C22495813001FFC0A /* Products */,
				BA8C5E00687C3312A9B3E3A1 /* Pods */,
				28225A9E9C9330080918346D /* Frameworks */,
			);
			sourceTree = "<group>";
		};
		3358320C22495813001FFC0A /* Products */ = {
			isa = PBXGroup;
			children = (
				3358320B22495813001FFC0A /* AnyGIS_filegenerator.app */,
			);
			name = Products;
			sourceTree = "<group>";
		};
		3358320D22495813001FFC0A /* AnyGIS_filegenerator */ = {
			isa = PBXGroup;
			children = (
				3358321722495814001FFC0A /* Info.plist */,
				3358321822495814001FFC0A /* AnyGIS_filegenerator.entitlements */,
				33B76E00224B90150010E35E /* Controller */,
				33B76E02224B90E40010E35E /* Model of Data */,
				33B76E03224B90EF0010E35E /* Model of Logic */,
				33B76E04224B91140010E35E /* Supporting_files */,
				33B76E01224B90420010E35E /* View */,
			);
			path = AnyGIS_filegenerator;
			sourceTree = "<group>";
		};
		33B76E00224B90150010E35E /* Controller */ = {
			isa = PBXGroup;
			children = (
				33B76E2C224BF3CC0010E35E /* Controller.swift */,
			);
			path = Controller;
			sourceTree = "<group>";
		};
		33B76E01224B90420010E35E /* View */ = {
			isa = PBXGroup;
			children = (
				3358321022495813001FFC0A /* ViewController.swift */,
			);
			path = View;
			sourceTree = "<group>";
		};
		33B76E02224B90E40010E35E /* Model of Data */ = {
			isa = PBXGroup;
			children = (
				33B76E28224BE5D40010E35E /* ClientAppList.swift */,
				33B76E20224BD9B40010E35E /* MapsClientData.swift */,
				33B76E1C224BD62A0010E35E /* MapsClientDataDB.swift */,
				33B76E1E224BD9060010E35E /* MapsServerData.swift */,
				33B76E18224BD47A0010E35E /* MapsServerDataDB.swift */,
				33B76E0F224BA5C40010E35E /* Text templates */,
			);
			path = "Model of Data";
			sourceTree = "<group>";
		};
		33B76E03224B90EF0010E35E /* Model of Logic */ = {
			isa = PBXGroup;
			children = (
				33B76E07224B92FA0010E35E /* DataBase Tools */,
				33B76E09224B93480010E35E /* Disk Tools */,
				33B76E08224B93240010E35E /* FileGenerator Tools */,
			);
			path = "Model of Logic";
			sourceTree = "<group>";
		};
		33B76E04224B91140010E35E /* Supporting_files */ = {
			isa = PBXGroup;
			children = (
				3358320E22495813001FFC0A /* AppDelegate.swift */,
				3358321222495814001FFC0A /* Assets.xcassets */,
				3358321422495814001FFC0A /* Main.storyboard */,
			);
			path = Supporting_files;
			sourceTree = "<group>";
		};
		33B76E07224B92FA0010E35E /* DataBase Tools */ = {
			isa = PBXGroup;
			children = (
				33B76E14224BC7950010E35E /* SqliteHandler.swift */,
			);
			path = "DataBase Tools";
			sourceTree = "<group>";
		};
		33B76E08224B93240010E35E /* FileGenerator Tools */ = {
			isa = PBXGroup;
			children = (
				33B76E0B224B93780010E35E /* GuruMaps */,
				33B76E0A224B93720010E35E /* Locus */,
				33B76E0C224B93800010E35E /* Orux */,
				33B76E0D224B938A0010E35E /* Osmand */,
				33B76E0E224B93920010E35E /* WebPages */,
			);
			path = "FileGenerator Tools";
			sourceTree = "<group>";
		};
		33B76E09224B93480010E35E /* Disk Tools */ = {
			isa = PBXGroup;
			children = (
				33B76E12224BC6830010E35E /* Disk handler.swift */,
			);
			path = "Disk Tools";
			sourceTree = "<group>";
		};
		33B76E0A224B93720010E35E /* Locus */ = {
			isa = PBXGroup;
			children = (
				33B76E32224E258E0010E35E /* LocusInstellersGenerator.swift */,
				33B76E34224E2CEB0010E35E /* LocusMapsGenerator.swift */,
			);
			path = Locus;
			sourceTree = "<group>";
		};
		33B76E0B224B93780010E35E /* GuruMaps */ = {
			isa = PBXGroup;
			children = (
				33B76E2E224D49710010E35E /* GuruMapsGenerator.swift */,
			);
			path = GuruMaps;
			sourceTree = "<group>";
		};
		33B76E0C224B93800010E35E /* Orux */ = {
			isa = PBXGroup;
			children = (
				33B76E30224D61A90010E35E /* OruxMapsGenerator.swift */,
			);
			path = Orux;
			sourceTree = "<group>";
		};
		33B76E0D224B938A0010E35E /* Osmand */ = {
			isa = PBXGroup;
			children = (
				33B76DFE224B8DA70010E35E /* SqlitedbHandler.swift */,
			);
			path = Osmand;
			sourceTree = "<group>";
		};
		33B76E0E224B93920010E35E /* WebPages */ = {
			isa = PBXGroup;
			children = (
				33B76E3A224E399B0010E35E /* MarkdownPagesGenerator.swift */,
			);
			path = WebPages;
			sourceTree = "<group>";
		};
		33B76E0F224BA5C40010E35E /* Text templates */ = {
			isa = PBXGroup;
			children = (
				33B76E38224E35200010E35E /* DecsriptionTemplate.swift */,
				33B76E10224BA66C0010E35E /* FilePatchTemplates.swift */,
				33B76E24224BE4ED0010E35E /* GuruTemplates.swift */,
				33B76E22224BE4D70010E35E /* LocusInstallersTemplates.swift */,
				33B76E36224E342E0010E35E /* LocusMapsTemplates.swift */,
				33B76E26224BE5000010E35E /* OruxTemplates.swift */,
				33B76E16224BC99F0010E35E /* WebPageTemplates.swift */,
			);
			path = "Text templates";
			sourceTree = "<group>";
		};
		BA8C5E00687C3312A9B3E3A1 /* Pods */ = {
			isa = PBXGroup;
			children = (
				8BDBCAB25AFE578C55D5EBF4 /* Pods-AnyGIS_filegenerator.debug.xcconfig */,
				76540C1F1A9B64DFC65558DD /* Pods-AnyGIS_filegenerator.release.xcconfig */,
			);
			name = Pods;
			sourceTree = "<group>";
		};
/* End PBXGroup section */

/* Begin PBXNativeTarget section */
		3358320A22495813001FFC0A /* AnyGIS_filegenerator */ = {
			isa = PBXNativeTarget;
			buildConfigurationList = 3358321B22495814001FFC0A /* Build configuration list for PBXNativeTarget "AnyGIS_filegenerator" */;
			buildPhases = (
				45443F5D99992A96E3E61180 /* [CP] Check Pods Manifest.lock */,
				3358320722495813001FFC0A /* Sources */,
				3358320822495813001FFC0A /* Frameworks */,
				3358320922495813001FFC0A /* Resources */,
				81DAC87AB00E45F6031E1C00 /* [CP] Embed Pods Frameworks */,
			);
			buildRules = (
			);
			dependencies = (
			);
			name = AnyGIS_filegenerator;
			productName = AnyGIS_filegenerator;
			productReference = 3358320B22495813001FFC0A /* AnyGIS_filegenerator.app */;
			productType = "com.apple.product-type.application";
		};
/* End PBXNativeTarget section */

/* Begin PBXProject section */
		3358320322495813001FFC0A /* Project object */ = {
			isa = PBXProject;
			attributes = {
				LastSwiftUpdateCheck = 1010;
				LastUpgradeCheck = 1010;
				ORGANIZATIONNAME = Nnngrach;
				TargetAttributes = {
					3358320A22495813001FFC0A = {
						CreatedOnToolsVersion = 10.1;
						SystemCapabilities = {
							com.apple.ApplicationGroups.Mac = {
								enabled = 0;
							};
							com.apple.Sandbox = {
								enabled = 0;
							};
						};
					};
				};
			};
			buildConfigurationList = 3358320622495813001FFC0A /* Build configuration list for PBXProject "AnyGIS_filegenerator" */;
			compatibilityVersion = "Xcode 10.0";
			developmentRegion = en;
			hasScannedForEncodings = 0;
			knownRegions = (
				en,
				Base,
			);
			mainGroup = 3358320222495813001FFC0A;
			productRefGroup = 3358320C22495813001FFC0A /* Products */;
			projectDirPath = "";
			projectRoot = "";
			targets = (
				3358320A22495813001FFC0A /* AnyGIS_filegenerator */,
			);
		};
/* End PBXProject section */

/* Begin PBXResourcesBuildPhase section */
		3358320922495813001FFC0A /* Resources */ = {
			isa = PBXResourcesBuildPhase;
			buildActionMask = 2147483647;
			files = (
				3358321322495814001FFC0A /* Assets.xcassets in Resources */,
				3358321622495814001FFC0A /* Main.storyboard in Resources */,
			);
			runOnlyForDeploymentPostprocessing = 0;
		};
/* End PBXResourcesBuildPhase section */

/* Begin PBXShellScriptBuildPhase section */
		45443F5D99992A96E3E61180 /* [CP] Check Pods Manifest.lock */ = {
			isa = PBXShellScriptBuildPhase;
			buildActionMask = 2147483647;
			files = (
			);
			inputPaths = (
				"${PODS_PODFILE_DIR_PATH}/Podfile.lock",
				"${PODS_ROOT}/Manifest.lock",
			);
			name = "[CP] Check Pods Manifest.lock";
			outputPaths = (
				"$(DERIVED_FILE_DIR)/Pods-AnyGIS_filegenerator-checkManifestLockResult.txt",
			);
			runOnlyForDeploymentPostprocessing = 0;
			shellPath = /bin/sh;
			shellScript = "diff \"${PODS_PODFILE_DIR_PATH}/Podfile.lock\" \"${PODS_ROOT}/Manifest.lock\" > /dev/null\nif [ $? != 0 ] ; then\n    # print error to STDERR\n    echo \"error: The sandbox is not in sync with the Podfile.lock. Run 'pod install' or update your CocoaPods installation.\" >&2\n    exit 1\nfi\n# This output is used by Xcode 'outputs' to avoid re-running this script phase.\necho \"SUCCESS\" > \"${SCRIPT_OUTPUT_FILE_0}\"\n";
			showEnvVarsInLog = 0;
		};
		81DAC87AB00E45F6031E1C00 /* [CP] Embed Pods Frameworks */ = {
			isa = PBXShellScriptBuildPhase;
			buildActionMask = 2147483647;
			files = (
			);
			inputFileListPaths = (
			);
			inputPaths = (
				"${PODS_ROOT}/Target Support Files/Pods-AnyGIS_filegenerator/Pods-AnyGIS_filegenerator-frameworks.sh",
				"${BUILT_PRODUCTS_DIR}/SQLite.swift/SQLite.framework",
			);
			name = "[CP] Embed Pods Frameworks";
			outputFileListPaths = (
			);
			outputPaths = (
				"${TARGET_BUILD_DIR}/${FRAMEWORKS_FOLDER_PATH}/SQLite.framework",
			);
			runOnlyForDeploymentPostprocessing = 0;
			shellPath = /bin/sh;
			shellScript = "\"${PODS_ROOT}/Target Support Files/Pods-AnyGIS_filegenerator/Pods-AnyGIS_filegenerator-frameworks.sh\"\n";
			showEnvVarsInLog = 0;
		};
/* End PBXShellScriptBuildPhase section */

/* Begin PBXSourcesBuildPhase section */
		3358320722495813001FFC0A /* Sources */ = {
			isa = PBXSourcesBuildPhase;
			buildActionMask = 2147483647;
			files = (
				33B76E13224BC6830010E35E /* Disk handler.swift in Sources */,
				33B76E3B224E399B0010E35E /* MarkdownPagesGenerator.swift in Sources */,
				33B76E33224E258E0010E35E /* LocusInstellersGenerator.swift in Sources */,
				33B76DFF224B8DA70010E35E /* SqlitedbHandler.swift in Sources */,
				33B76E21224BD9B40010E35E /* MapsClientData.swift in Sources */,
				33B76E1D224BD62A0010E35E /* MapsClientDataDB.swift in Sources */,
				33B76E11224BA66C0010E35E /* FilePatchTemplates.swift in Sources */,
				3358321122495813001FFC0A /* ViewController.swift in Sources */,
				3358320F22495813001FFC0A /* AppDelegate.swift in Sources */,
				33B76E19224BD47A0010E35E /* MapsServerDataDB.swift in Sources */,
				33B76E25224BE4ED0010E35E /* GuruTemplates.swift in Sources */,
				33B76E37224E342E0010E35E /* LocusMapsTemplates.swift in Sources */,
				33B76E31224D61A90010E35E /* OruxMapsGenerator.swift in Sources */,
				33B76E27224BE5000010E35E /* OruxTemplates.swift in Sources */,
				33B76E29224BE5D40010E35E /* ClientAppList.swift in Sources */,
				33B76E23224BE4D70010E35E /* LocusInstallersTemplates.swift in Sources */,
				33B76E1F224BD9060010E35E /* MapsServerData.swift in Sources */,
				33B76E15224BC7950010E35E /* SqliteHandler.swift in Sources */,
				33B76E17224BC99F0010E35E /* WebPageTemplates.swift in Sources */,
				33B76E39224E35200010E35E /* DecsriptionTemplate.swift in Sources */,
				33B76E35224E2CEB0010E35E /* LocusMapsGenerator.swift in Sources */,
				33B76E2F224D49710010E35E /* GuruMapsGenerator.swift in Sources */,
				33B76E2D224BF3CC0010E35E /* Controller.swift in Sources */,
			);
			runOnlyForDeploymentPostprocessing = 0;
		};
/* End PBXSourcesBuildPhase section */

/* Begin PBXVariantGroup section */
		3358321422495814001FFC0A /* Main.storyboard */ = {
			isa = PBXVariantGroup;
			children = (
				3358321522495814001FFC0A /* Base */,
			);
			name = Main.storyboard;
			sourceTree = "<group>";
		};
/* End PBXVariantGroup section */

/* Begin XCBuildConfiguration section */
		3358321922495814001FFC0A /* Debug */ = {
			isa = XCBuildConfiguration;
			buildSettings = {
				ALWAYS_SEARCH_USER_PATHS = NO;
				CLANG_ANALYZER_NONNULL = YES;
				CLANG_ANALYZER_NUMBER_OBJECT_CONVERSION = YES_AGGRESSIVE;
				CLANG_CXX_LANGUAGE_STANDARD = "gnu++14";
				CLANG_CXX_LIBRARY = "libc++";
				CLANG_ENABLE_MODULES = YES;
				CLANG_ENABLE_OBJC_ARC = YES;
				CLANG_ENABLE_OBJC_WEAK = YES;
				CLANG_WARN_BLOCK_CAPTURE_AUTORELEASING = YES;
				CLANG_WARN_BOOL_CONVERSION = YES;
				CLANG_WARN_COMMA = YES;
				CLANG_WARN_CONSTANT_CONVERSION = YES;
				CLANG_WARN_DEPRECATED_OBJC_IMPLEMENTATIONS = YES;
				CLANG_WARN_DIRECT_OBJC_ISA_USAGE = YES_ERROR;
				CLANG_WARN_DOCUMENTATION_COMMENTS = YES;
				CLANG_WARN_EMPTY_BODY = YES;
				CLANG_WARN_ENUM_CONVERSION = YES;
				CLANG_WARN_INFINITE_RECURSION = YES;
				CLANG_WARN_INT_CONVERSION = YES;
				CLANG_WARN_NON_LITERAL_NULL_CONVERSION = YES;
				CLANG_WARN_OBJC_IMPLICIT_RETAIN_SELF = YES;
				CLANG_WARN_OBJC_LITERAL_CONVERSION = YES;
				CLANG_WARN_OBJC_ROOT_CLASS = YES_ERROR;
				CLANG_WARN_RANGE_LOOP_ANALYSIS = YES;
				CLANG_WARN_STRICT_PROTOTYPES = YES;
				CLANG_WARN_SUSPICIOUS_MOVE = YES;
				CLANG_WARN_UNGUARDED_AVAILABILITY = YES_AGGRESSIVE;
				CLANG_WARN_UNREACHABLE_CODE = YES;
				CLANG_WARN__DUPLICATE_METHOD_MATCH = YES;
				CODE_SIGN_IDENTITY = "Mac Developer";
				COPY_PHASE_STRIP = NO;
				DEBUG_INFORMATION_FORMAT = dwarf;
				ENABLE_STRICT_OBJC_MSGSEND = YES;
				ENABLE_TESTABILITY = YES;
				GCC_C_LANGUAGE_STANDARD = gnu11;
				GCC_DYNAMIC_NO_PIC = NO;
				GCC_NO_COMMON_BLOCKS = YES;
				GCC_OPTIMIZATION_LEVEL = 0;
				GCC_PREPROCESSOR_DEFINITIONS = (
					"DEBUG=1",
					"$(inherited)",
				);
				GCC_WARN_64_TO_32_BIT_CONVERSION = YES;
				GCC_WARN_ABOUT_RETURN_TYPE = YES_ERROR;
				GCC_WARN_UNDECLARED_SELECTOR = YES;
				GCC_WARN_UNINITIALIZED_AUTOS = YES_AGGRESSIVE;
				GCC_WARN_UNUSED_FUNCTION = YES;
				GCC_WARN_UNUSED_VARIABLE = YES;
				MACOSX_DEPLOYMENT_TARGET = 10.14;
				MTL_ENABLE_DEBUG_INFO = INCLUDE_SOURCE;
				MTL_FAST_MATH = YES;
				ONLY_ACTIVE_ARCH = YES;
				SDKROOT = macosx;
				SWIFT_ACTIVE_COMPILATION_CONDITIONS = DEBUG;
				SWIFT_OPTIMIZATION_LEVEL = "-Onone";
			};
			name = Debug;
		};
		3358321A22495814001FFC0A /* Release */ = {
			isa = XCBuildConfiguration;
			buildSettings = {
				ALWAYS_SEARCH_USER_PATHS = NO;
				CLANG_ANALYZER_NONNULL = YES;
				CLANG_ANALYZER_NUMBER_OBJECT_CONVERSION = YES_AGGRESSIVE;
				CLANG_CXX_LANGUAGE_STANDARD = "gnu++14";
				CLANG_CXX_LIBRARY = "libc++";
				CLANG_ENABLE_MODULES = YES;
				CLANG_ENABLE_OBJC_ARC = YES;
				CLANG_ENABLE_OBJC_WEAK = YES;
				CLANG_WARN_BLOCK_CAPTURE_AUTORELEASING = YES;
				CLANG_WARN_BOOL_CONVERSION = YES;
				CLANG_WARN_COMMA = YES;
				CLANG_WARN_CONSTANT_CONVERSION = YES;
				CLANG_WARN_DEPRECATED_OBJC_IMPLEMENTATIONS = YES;
				CLANG_WARN_DIRECT_OBJC_ISA_USAGE = YES_ERROR;
				CLANG_WARN_DOCUMENTATION_COMMENTS = YES;
				CLANG_WARN_EMPTY_BODY = YES;
				CLANG_WARN_ENUM_CONVERSION = YES;
				CLANG_WARN_INFINITE_RECURSION = YES;
				CLANG_WARN_INT_CONVERSION = YES;
				CLANG_WARN_NON_LITERAL_NULL_CONVERSION = YES;
				CLANG_WARN_OBJC_IMPLICIT_RETAIN_SELF = YES;
				CLANG_WARN_OBJC_LITERAL_CONVERSION = YES;
				CLANG_WARN_OBJC_ROOT_CLASS = YES_ERROR;
				CLANG_WARN_RANGE_LOOP_ANALYSIS = YES;
				CLANG_WARN_STRICT_PROTOTYPES = YES;
				CLANG_WARN_SUSPICIOUS_MOVE = YES;
				CLANG_WARN_UNGUARDED_AVAILABILITY = YES_AGGRESSIVE;
				CLANG_WARN_UNREACHABLE_CODE = YES;
				CLANG_WARN__DUPLICATE_METHOD_MATCH = YES;
				CODE_SIGN_IDENTITY = "Mac Developer";
				COPY_PHASE_STRIP = NO;
				DEBUG_INFORMATION_FORMAT = "dwarf-with-dsym";
				ENABLE_NS_ASSERTIONS = NO;
				ENABLE_STRICT_OBJC_MSGSEND = YES;
				GCC_C_LANGUAGE_STANDARD = gnu11;
				GCC_NO_COMMON_BLOCKS = YES;
				GCC_WARN_64_TO_32_BIT_CONVERSION = YES;
				GCC_WARN_ABOUT_RETURN_TYPE = YES_ERROR;
				GCC_WARN_UNDECLARED_SELECTOR = YES;
				GCC_WARN_UNINITIALIZED_AUTOS = YES_AGGRESSIVE;
				GCC_WARN_UNUSED_FUNCTION = YES;
				GCC_WARN_UNUSED_VARIABLE = YES;
				MACOSX_DEPLOYMENT_TARGET = 10.14;
				MTL_ENABLE_DEBUG_INFO = NO;
				MTL_FAST_MATH = YES;
				SDKROOT = macosx;
				SWIFT_COMPILATION_MODE = wholemodule;
				SWIFT_OPTIMIZATION_LEVEL = "-O";
			};
			name = Release;
		};
		3358321C22495814001FFC0A /* Debug */ = {
			isa = XCBuildConfiguration;
			baseConfigurationReference = 8BDBCAB25AFE578C55D5EBF4 /* Pods-AnyGIS_filegenerator.debug.xcconfig */;
			buildSettings = {
				ASSETCATALOG_COMPILER_APPICON_NAME = AppIcon;
				CODE_SIGN_ENTITLEMENTS = AnyGIS_filegenerator/AnyGIS_filegenerator.entitlements;
				CODE_SIGN_IDENTITY = "Mac Developer";
				CODE_SIGN_STYLE = Automatic;
				COMBINE_HIDPI_IMAGES = YES;
				DEVELOPMENT_TEAM = S8QJHQB6QT;
				INFOPLIST_FILE = AnyGIS_filegenerator/Info.plist;
				LD_RUNPATH_SEARCH_PATHS = (
					"$(inherited)",
					"@executable_path/../Frameworks",
				);
				PRODUCT_BUNDLE_IDENTIFIER = "com.nnngrach.AnyGIS-filegenerator";
				PRODUCT_NAME = "$(TARGET_NAME)";
				PROVISIONING_PROFILE_SPECIFIER = "";
				SWIFT_VERSION = 4.2;
			};
			name = Debug;
		};
		3358321D22495814001FFC0A /* Release */ = {
			isa = XCBuildConfiguration;
			baseConfigurationReference = 76540C1F1A9B64DFC65558DD /* Pods-AnyGIS_filegenerator.release.xcconfig */;
			buildSettings = {
				ASSETCATALOG_COMPILER_APPICON_NAME = AppIcon;
				CODE_SIGN_ENTITLEMENTS = AnyGIS_filegenerator/AnyGIS_filegenerator.entitlements;
				CODE_SIGN_IDENTITY = "Mac Developer";
				CODE_SIGN_STYLE = Automatic;
				COMBINE_HIDPI_IMAGES = YES;
				DEVELOPMENT_TEAM = S8QJHQB6QT;
				INFOPLIST_FILE = AnyGIS_filegenerator/Info.plist;
				LD_RUNPATH_SEARCH_PATHS = (
					"$(inherited)",
					"@executable_path/../Frameworks",
				);
				PRODUCT_BUNDLE_IDENTIFIER = "com.nnngrach.AnyGIS-filegenerator";
				PRODUCT_NAME = "$(TARGET_NAME)";
				PROVISIONING_PROFILE_SPECIFIER = "";
				SWIFT_VERSION = 4.2;
			};
			name = Release;
		};
/* End XCBuildConfiguration section */

/* Begin XCConfigurationList section */
		3358320622495813001FFC0A /* Build configuration list for PBXProject "AnyGIS_filegenerator" */ = {
			isa = XCConfigurationList;
			buildConfigurations = (
				3358321922495814001FFC0A /* Debug */,
				3358321A22495814001FFC0A /* Release */,
			);
			defaultConfigurationIsVisible = 0;
			defaultConfigurationName = Release;
		};
		3358321B22495814001FFC0A /* Build configuration list for PBXNativeTarget "AnyGIS_filegenerator" */ = {
			isa = XCConfigurationList;
			buildConfigurations = (
				3358321C22495814001FFC0A /* Debug */,
				3358321D22495814001FFC0A /* Release */,
			);
			defaultConfigurationIsVisible = 0;
			defaultConfigurationName = Release;
		};
/* End XCConfigurationList section */
	};
	rootObject = 3358320322495813001FFC0A /* Project object */;
}
