// !$*UTF8*$!
{
	archiveVersion = 1;
	classes = {
	};
	objectVersion = 50;
	objects = {

/* Begin PBXBuildFile section */
		3358320F22495813001FFC0A /* AppDelegate.swift in Sources */ = {isa = PBXBuildFile; fileRef = 3358320E22495813001FFC0A /* AppDelegate.swift */; };
		3358321122495813001FFC0A /* ViewController.swift in Sources */ = {isa = PBXBuildFile; fileRef = 3358321022495813001FFC0A /* ViewController.swift */; };
		3358321322495814001FFC0A /* Assets.xcassets in Resources */ = {isa = PBXBuildFile; fileRef = 3358321222495814001FFC0A /* Assets.xcassets */; };
		3358321622495814001FFC0A /* Main.storyboard in Resources */ = {isa = PBXBuildFile; fileRef = 3358321422495814001FFC0A /* Main.storyboard */; };
		7776365E378A65D45F3E7D03 /* Pods_AnyGIS_filegenerator.framework in Frameworks */ = {isa = PBXBuildFile; fileRef = 72609055F57AA39DEAE56B18 /* Pods_AnyGIS_filegenerator.framework */; };
/* End PBXBuildFile section */

/* Begin PBXFileReference section */
		3358320B22495813001FFC0A /* AnyGIS_filegenerator.app */ = {isa = PBXFileReference; explicitFileType = wrapper.application; includeInIndex = 0; path = AnyGIS_filegenerator.app; sourceTree = BUILT_PRODUCTS_DIR; };
		3358320E22495813001FFC0A /* AppDelegate.swift */ = {isa = PBXFileReference; lastKnownFileType = sourcecode.swift; path = AppDelegate.swift; sourceTree = "<group>"; };
		3358321022495813001FFC0A /* ViewController.swift */ = {isa = PBXFileReference; lastKnownFileType = sourcecode.swift; path = ViewController.swift; sourceTree = "<group>"; };
		3358321222495814001FFC0A /* Assets.xcassets */ = {isa = PBXFileReference; lastKnownFileType = folder.assetcatalog; path = Assets.xcassets; sourceTree = "<group>"; };
		3358321522495814001FFC0A /* Base */ = {isa = PBXFileReference; lastKnownFileType = file.storyboard; name = Base; path = Base.lproj/Main.storyboard; sourceTree = "<group>"; };
		3358321722495814001FFC0A /* Info.plist */ = {isa = PBXFileReference; lastKnownFileType = text.plist.xml; path = Info.plist; sourceTree = "<group>"; };
		3358321822495814001FFC0A /* AnyGIS_filegenerator.entitlements */ = {isa = PBXFileReference; lastKnownFileType = text.plist.entitlements; path = AnyGIS_filegenerator.entitlements; sourceTree = "<group>"; };
		72609055F57AA39DEAE56B18 /* Pods_AnyGIS_filegenerator.framework */ = {isa = PBXFileReference; explicitFileType = wrapper.framework; includeInIndex = 0; path = Pods_AnyGIS_filegenerator.framework; sourceTree = BUILT_PRODUCTS_DIR; };
		76540C1F1A9B64DFC65558DD /* Pods-AnyGIS_filegenerator.release.xcconfig */ = {isa = PBXFileReference; includeInIndex = 1; lastKnownFileType = text.xcconfig; name = "Pods-AnyGIS_filegenerator.release.xcconfig"; path = "Pods/Target Support Files/Pods-AnyGIS_filegenerator/Pods-AnyGIS_filegenerator.release.xcconfig"; sourceTree = "<group>"; };
		8BDBCAB25AFE578C55D5EBF4 /* Pods-AnyGIS_filegenerator.debug.xcconfig */ = {isa = PBXFileReference; includeInIndex = 1; lastKnownFileType = text.xcconfig; name = "Pods-AnyGIS_filegenerator.debug.xcconfig"; path = "Pods/Target Support Files/Pods-AnyGIS_filegenerator/Pods-AnyGIS_filegenerator.debug.xcconfig"; sourceTree = "<group>"; };
/* End PBXFileReference section */

/* Begin PBXFrameworksBuildPhase section */
		3358320822495813001FFC0A /* Frameworks */ = {
			isa = PBXFrameworksBuildPhase;
			buildActionMask = 2147483647;
			files = (
				7776365E378A65D45F3E7D03 /* Pods_AnyGIS_filegenerator.framework in Frameworks */,
			);
			runOnlyForDeploymentPostprocessing = 0;
		};
/* End PBXFrameworksBuildPhase section */

/* Begin PBXGroup section */
		28225A9E9C9330080918346D /* Frameworks */ = {
			isa = PBXGroup;
			children = (
				72609055F57AA39DEAE56B18 /* Pods_AnyGIS_filegenerator.framework */,
			);
			name = Frameworks;
			sourceTree = "<group>";
		};
		3358320222495813001FFC0A = {
			isa = PBXGroup;
			children = (
				3358320D22495813001FFC0A /* AnyGIS_filegenerator */,
				3358320C22495813001FFC0A /* Products */,
				BA8C5E00687C3312A9B3E3A1 /* Pods */,
				28225A9E9C9330080918346D /* Frameworks */,
			);
			sourceTree = "<group>";
		};
		3358320C22495813001FFC0A /* Products */ = {
			isa = PBXGroup;
			children = (
				3358320B22495813001FFC0A /* AnyGIS_filegenerator.app */,
			);
			name = Products;
			sourceTree = "<group>";
		};
		3358320D22495813001FFC0A /* AnyGIS_filegenerator */ = {
			isa = PBXGroup;
			children = (
				3358320E22495813001FFC0A /* AppDelegate.swift */,
				3358321022495813001FFC0A /* ViewController.swift */,
				3358321222495814001FFC0A /* Assets.xcassets */,
				3358321422495814001FFC0A /* Main.storyboard */,
				3358321722495814001FFC0A /* Info.plist */,
				3358321822495814001FFC0A /* AnyGIS_filegenerator.entitlements */,
			);
			path = AnyGIS_filegenerator;
			sourceTree = "<group>";
		};
		BA8C5E00687C3312A9B3E3A1 /* Pods */ = {
			isa = PBXGroup;
			children = (
				8BDBCAB25AFE578C55D5EBF4 /* Pods-AnyGIS_filegenerator.debug.xcconfig */,
				76540C1F1A9B64DFC65558DD /* Pods-AnyGIS_filegenerator.release.xcconfig */,
			);
			name = Pods;
			sourceTree = "<group>";
		};
/* End PBXGroup section */

/* Begin PBXNativeTarget section */
		3358320A22495813001FFC0A /* AnyGIS_filegenerator */ = {
			isa = PBXNativeTarget;
			buildConfigurationList = 3358321B22495814001FFC0A /* Build configuration list for PBXNativeTarget "AnyGIS_filegenerator" */;
			buildPhases = (
				45443F5D99992A96E3E61180 /* [CP] Check Pods Manifest.lock */,
				3358320722495813001FFC0A /* Sources */,
				3358320822495813001FFC0A /* Frameworks */,
				3358320922495813001FFC0A /* Resources */,
				81DAC87AB00E45F6031E1C00 /* [CP] Embed Pods Frameworks */,
			);
			buildRules = (
			);
			dependencies = (
			);
			name = AnyGIS_filegenerator;
			productName = AnyGIS_filegenerator;
			productReference = 3358320B22495813001FFC0A /* AnyGIS_filegenerator.app */;
			productType = "com.apple.product-type.application";
		};
/* End PBXNativeTarget section */

/* Begin PBXProject section */
		3358320322495813001FFC0A /* Project object */ = {
			isa = PBXProject;
			attributes = {
				LastSwiftUpdateCheck = 1010;
				LastUpgradeCheck = 1010;
				ORGANIZATIONNAME = H.Rach;
				TargetAttributes = {
					3358320A22495813001FFC0A = {
						CreatedOnToolsVersion = 10.1;
					};
				};
			};
			buildConfigurationList = 3358320622495813001FFC0A /* Build configuration list for PBXProject "AnyGIS_filegenerator" */;
			compatibilityVersion = "Xcode 9.3";
			developmentRegion = en;
			hasScannedForEncodings = 0;
			knownRegions = (
				en,
				Base,
			);
			mainGroup = 3358320222495813001FFC0A;
			productRefGroup = 3358320C22495813001FFC0A /* Products */;
			projectDirPath = "";
			projectRoot = "";
			targets = (
				3358320A22495813001FFC0A /* AnyGIS_filegenerator */,
			);
		};
/* End PBXProject section */

/* Begin PBXResourcesBuildPhase section */
		3358320922495813001FFC0A /* Resources */ = {
			isa = PBXResourcesBuildPhase;
			buildActionMask = 2147483647;
			files = (
				3358321322495814001FFC0A /* Assets.xcassets in Resources */,
				3358321622495814001FFC0A /* Main.storyboard in Resources */,
			);
			runOnlyForDeploymentPostprocessing = 0;
		};
/* End PBXResourcesBuildPhase section */

/* Begin PBXShellScriptBuildPhase section */
		45443F5D99992A96E3E61180 /* [CP] Check Pods Manifest.lock */ = {
			isa = PBXShellScriptBuildPhase;
			buildActionMask = 2147483647;
			files = (
			);
			inputPaths = (
				"${PODS_PODFILE_DIR_PATH}/Podfile.lock",
				"${PODS_ROOT}/Manifest.lock",
			);
			name = "[CP] Check Pods Manifest.lock";
			outputPaths = (
				"$(DERIVED_FILE_DIR)/Pods-AnyGIS_filegenerator-checkManifestLockResult.txt",
			);
			runOnlyForDeploymentPostprocessing = 0;
			shellPath = /bin/sh;
			shellScript = "diff \"${PODS_PODFILE_DIR_PATH}/Podfile.lock\" \"${PODS_ROOT}/Manifest.lock\" > /dev/null\nif [ $? != 0 ] ; then\n    # print error to STDERR\n    echo \"error: The sandbox is not in sync with the Podfile.lock. Run 'pod install' or update your CocoaPods installation.\" >&2\n    exit 1\nfi\n# This output is used by Xcode 'outputs' to avoid re-running this script phase.\necho \"SUCCESS\" > \"${SCRIPT_OUTPUT_FILE_0}\"\n";
			showEnvVarsInLog = 0;
		};
		81DAC87AB00E45F6031E1C00 /* [CP] Embed Pods Frameworks */ = {
			isa = PBXShellScriptBuildPhase;
			buildActionMask = 2147483647;
			files = (
			);
			inputFileListPaths = (
			);
			inputPaths = (
				"${PODS_ROOT}/Target Support Files/Pods-AnyGIS_filegenerator/Pods-AnyGIS_filegenerator-frameworks.sh",
				"${BUILT_PRODUCTS_DIR}/SQLite.swift/SQLite.framework",
			);
			name = "[CP] Embed Pods Frameworks";
			outputFileListPaths = (
			);
			outputPaths = (
				"${TARGET_BUILD_DIR}/${FRAMEWORKS_FOLDER_PATH}/SQLite.framework",
			);
			runOnlyForDeploymentPostprocessing = 0;
			shellPath = /bin/sh;
			shellScript = "\"${PODS_ROOT}/Target Support Files/Pods-AnyGIS_filegenerator/Pods-AnyGIS_filegenerator-frameworks.sh\"\n";
			showEnvVarsInLog = 0;
		};
/* End PBXShellScriptBuildPhase section */

/* Begin PBXSourcesBuildPhase section */
		3358320722495813001FFC0A /* Sources */ = {
			isa = PBXSourcesBuildPhase;
			buildActionMask = 2147483647;
			files = (
				3358321122495813001FFC0A /* ViewController.swift in Sources */,
				3358320F22495813001FFC0A /* AppDelegate.swift in Sources */,
			);
			runOnlyForDeploymentPostprocessing = 0;
		};
/* End PBXSourcesBuildPhase section */

/* Begin PBXVariantGroup section */
		3358321422495814001FFC0A /* Main.storyboard */ = {
			isa = PBXVariantGroup;
			children = (
				3358321522495814001FFC0A /* Base */,
			);
			name = Main.storyboard;
			sourceTree = "<group>";
		};
/* End PBXVariantGroup section */

/* Begin XCBuildConfiguration section */
		3358321922495814001FFC0A /* Debug */ = {
			isa = XCBuildConfiguration;
			buildSettings = {
				ALWAYS_SEARCH_USER_PATHS = NO;
				CLANG_ANALYZER_NONNULL = YES;
				CLANG_ANALYZER_NUMBER_OBJECT_CONVERSION = YES_AGGRESSIVE;
				CLANG_CXX_LANGUAGE_STANDARD = "gnu++14";
				CLANG_CXX_LIBRARY = "libc++";
				CLANG_ENABLE_MODULES = YES;
				CLANG_ENABLE_OBJC_ARC = YES;
				CLANG_ENABLE_OBJC_WEAK = YES;
				CLANG_WARN_BLOCK_CAPTURE_AUTORELEASING = YES;
				CLANG_WARN_BOOL_CONVERSION = YES;
				CLANG_WARN_COMMA = YES;
				CLANG_WARN_CONSTANT_CONVERSION = YES;
				CLANG_WARN_DEPRECATED_OBJC_IMPLEMENTATIONS = YES;
				CLANG_WARN_DIRECT_OBJC_ISA_USAGE = YES_ERROR;
				CLANG_WARN_DOCUMENTATION_COMMENTS = YES;
				CLANG_WARN_EMPTY_BODY = YES;
				CLANG_WARN_ENUM_CONVERSION = YES;
				CLANG_WARN_INFINITE_RECURSION = YES;
				CLANG_WARN_INT_CONVERSION = YES;
				CLANG_WARN_NON_LITERAL_NULL_CONVERSION = YES;
				CLANG_WARN_OBJC_IMPLICIT_RETAIN_SELF = YES;
				CLANG_WARN_OBJC_LITERAL_CONVERSION = YES;
				CLANG_WARN_OBJC_ROOT_CLASS = YES_ERROR;
				CLANG_WARN_RANGE_LOOP_ANALYSIS = YES;
				CLANG_WARN_STRICT_PROTOTYPES = YES;
				CLANG_WARN_SUSPICIOUS_MOVE = YES;
				CLANG_WARN_UNGUARDED_AVAILABILITY = YES_AGGRESSIVE;
				CLANG_WARN_UNREACHABLE_CODE = YES;
				CLANG_WARN__DUPLICATE_METHOD_MATCH = YES;
				CODE_SIGN_IDENTITY = "Mac Developer";
				COPY_PHASE_STRIP = NO;
				DEBUG_INFORMATION_FORMAT = dwarf;
				ENABLE_STRICT_OBJC_MSGSEND = YES;
				ENABLE_TESTABILITY = YES;
				GCC_C_LANGUAGE_STANDARD = gnu11;
				GCC_DYNAMIC_NO_PIC = NO;
				GCC_NO_COMMON_BLOCKS = YES;
				GCC_OPTIMIZATION_LEVEL = 0;
				GCC_PREPROCESSOR_DEFINITIONS = (
					"DEBUG=1",
					"$(inherited)",
				);
				GCC_WARN_64_TO_32_BIT_CONVERSION = YES;
				GCC_WARN_ABOUT_RETURN_TYPE = YES_ERROR;
				GCC_WARN_UNDECLARED_SELECTOR = YES;
				GCC_WARN_UNINITIALIZED_AUTOS = YES_AGGRESSIVE;
				GCC_WARN_UNUSED_FUNCTION = YES;
				GCC_WARN_UNUSED_VARIABLE = YES;
				MACOSX_DEPLOYMENT_TARGET = 10.14;
				MTL_ENABLE_DEBUG_INFO = INCLUDE_SOURCE;
				MTL_FAST_MATH = YES;
				ONLY_ACTIVE_ARCH = YES;
				SDKROOT = macosx;
				SWIFT_ACTIVE_COMPILATION_CONDITIONS = DEBUG;
				SWIFT_OPTIMIZATION_LEVEL = "-Onone";
			};
			name = Debug;
		};
		3358321A22495814001FFC0A /* Release */ = {
			isa = XCBuildConfiguration;
			buildSettings = {
				ALWAYS_SEARCH_USER_PATHS = NO;
				CLANG_ANALYZER_NONNULL = YES;
				CLANG_ANALYZER_NUMBER_OBJECT_CONVERSION = YES_AGGRESSIVE;
				CLANG_CXX_LANGUAGE_STANDARD = "gnu++14";
				CLANG_CXX_LIBRARY = "libc++";
				CLANG_ENABLE_MODULES = YES;
				CLANG_ENABLE_OBJC_ARC = YES;
				CLANG_ENABLE_OBJC_WEAK = YES;
				CLANG_WARN_BLOCK_CAPTURE_AUTORELEASING = YES;
				CLANG_WARN_BOOL_CONVERSION = YES;
				CLANG_WARN_COMMA = YES;
				CLANG_WARN_CONSTANT_CONVERSION = YES;
				CLANG_WARN_DEPRECATED_OBJC_IMPLEMENTATIONS = YES;
				CLANG_WARN_DIRECT_OBJC_ISA_USAGE = YES_ERROR;
				CLANG_WARN_DOCUMENTATION_COMMENTS = YES;
				CLANG_WARN_EMPTY_BODY = YES;
				CLANG_WARN_ENUM_CONVERSION = YES;
				CLANG_WARN_INFINITE_RECURSION = YES;
				CLANG_WARN_INT_CONVERSION = YES;
				CLANG_WARN_NON_LITERAL_NULL_CONVERSION = YES;
				CLANG_WARN_OBJC_IMPLICIT_RETAIN_SELF = YES;
				CLANG_WARN_OBJC_LITERAL_CONVERSION = YES;
				CLANG_WARN_OBJC_ROOT_CLASS = YES_ERROR;
				CLANG_WARN_RANGE_LOOP_ANALYSIS = YES;
				CLANG_WARN_STRICT_PROTOTYPES = YES;
				CLANG_WARN_SUSPICIOUS_MOVE = YES;
				CLANG_WARN_UNGUARDED_AVAILABILITY = YES_AGGRESSIVE;
				CLANG_WARN_UNREACHABLE_CODE = YES;
				CLANG_WARN__DUPLICATE_METHOD_MATCH = YES;
				CODE_SIGN_IDENTITY = "Mac Developer";
				COPY_PHASE_STRIP = NO;
				DEBUG_INFORMATION_FORMAT = "dwarf-with-dsym";
				ENABLE_NS_ASSERTIONS = NO;
				ENABLE_STRICT_OBJC_MSGSEND = YES;
				GCC_C_LANGUAGE_STANDARD = gnu11;
				GCC_NO_COMMON_BLOCKS = YES;
				GCC_WARN_64_TO_32_BIT_CONVERSION = YES;
				GCC_WARN_ABOUT_RETURN_TYPE = YES_ERROR;
				GCC_WARN_UNDECLARED_SELECTOR = YES;
				GCC_WARN_UNINITIALIZED_AUTOS = YES_AGGRESSIVE;
				GCC_WARN_UNUSED_FUNCTION = YES;
				GCC_WARN_UNUSED_VARIABLE = YES;
				MACOSX_DEPLOYMENT_TARGET = 10.14;
				MTL_ENABLE_DEBUG_INFO = NO;
				MTL_FAST_MATH = YES;
				SDKROOT = macosx;
				SWIFT_COMPILATION_MODE = wholemodule;
				SWIFT_OPTIMIZATION_LEVEL = "-O";
			};
			name = Release;
		};
		3358321C22495814001FFC0A /* Debug */ = {
			isa = XCBuildConfiguration;
			baseConfigurationReference = 8BDBCAB25AFE578C55D5EBF4 /* Pods-AnyGIS_filegenerator.debug.xcconfig */;
			buildSettings = {
				ASSETCATALOG_COMPILER_APPICON_NAME = AppIcon;
				CODE_SIGN_ENTITLEMENTS = AnyGIS_filegenerator/AnyGIS_filegenerator.entitlements;
				CODE_SIGN_STYLE = Automatic;
				COMBINE_HIDPI_IMAGES = YES;
				DEVELOPMENT_TEAM = S8QJHQB6QT;
				INFOPLIST_FILE = AnyGIS_filegenerator/Info.plist;
				LD_RUNPATH_SEARCH_PATHS = (
					"$(inherited)",
					"@executable_path/../Frameworks",
				);
				PRODUCT_BUNDLE_IDENTIFIER = "com.nnngrach.AnyGIS-filegenerator";
				PRODUCT_NAME = "$(TARGET_NAME)";
				SWIFT_VERSION = 4.2;
			};
			name = Debug;
		};
		3358321D22495814001FFC0A /* Release */ = {
			isa = XCBuildConfiguration;
			baseConfigurationReference = 76540C1F1A9B64DFC65558DD /* Pods-AnyGIS_filegenerator.release.xcconfig */;
			buildSettings = {
				ASSETCATALOG_COMPILER_APPICON_NAME = AppIcon;
				CODE_SIGN_ENTITLEMENTS = AnyGIS_filegenerator/AnyGIS_filegenerator.entitlements;
				CODE_SIGN_STYLE = Automatic;
				COMBINE_HIDPI_IMAGES = YES;
				DEVELOPMENT_TEAM = S8QJHQB6QT;
				INFOPLIST_FILE = AnyGIS_filegenerator/Info.plist;
				LD_RUNPATH_SEARCH_PATHS = (
					"$(inherited)",
					"@executable_path/../Frameworks",
				);
				PRODUCT_BUNDLE_IDENTIFIER = "com.nnngrach.AnyGIS-filegenerator";
				PRODUCT_NAME = "$(TARGET_NAME)";
				SWIFT_VERSION = 4.2;
			};
			name = Release;
		};
/* End XCBuildConfiguration section */

/* Begin XCConfigurationList section */
		3358320622495813001FFC0A /* Build configuration list for PBXProject "AnyGIS_filegenerator" */ = {
			isa = XCConfigurationList;
			buildConfigurations = (
				3358321922495814001FFC0A /* Debug */,
				3358321A22495814001FFC0A /* Release */,
			);
			defaultConfigurationIsVisible = 0;
			defaultConfigurationName = Release;
		};
		3358321B22495814001FFC0A /* Build configuration list for PBXNativeTarget "AnyGIS_filegenerator" */ = {
			isa = XCConfigurationList;
			buildConfigurations = (
				3358321C22495814001FFC0A /* Debug */,
				3358321D22495814001FFC0A /* Release */,
			);
			defaultConfigurationIsVisible = 0;
			defaultConfigurationName = Release;
		};
/* End XCConfigurationList section */
	};
	rootObject = 3358320322495813001FFC0A /* Project object */;
}
